
Microsoft Visual Studio Solution File, Format Version 12.00
# Visual Studio Version 16
VisualStudioVersion = 16.0.29306.81
MinimumVisualStudioVersion = 10.0.40219.1
Project("{FAE04EC0-301F-11D3-BF4B-00C04F79EFBC}") = "Utils", "Utils\Utils.csproj", "{6772D3D9-0475-4B00-BCEB-FD79C0BBE8A8}"
EndProject
Project("{FAE04EC0-301F-11D3-BF4B-00C04F79EFBC}") = "URIT-500B", "URIT-500B\URIT-500B.csproj", "{A23049EB-3B6F-4310-B984-69106BC2A6E4}"
EndProject
Project("{FAE04EC0-301F-11D3-BF4B-00C04F79EFBC}") = "WpfView", "WpfView\WpfView.csproj", "{275AF6B7-F77A-459B-A2E0-D03685D83E1E}"
EndProject
Project("{FAE04EC0-301F-11D3-BF4B-00C04F79EFBC}") = "WpfCustom", "WpfCustom\WpfCustom.csproj", "{58D70166-55A9-4124-8AF5-8421898DD757}"
EndProject
Project("{FAE04EC0-301F-11D3-BF4B-00C04F79EFBC}") = "Model", "Model\Model.csproj", "{BC1354EC-497F-416F-BCE3-285D53B0FADC}"
EndProject
Project("{FAE04EC0-301F-11D3-BF4B-00C04F79EFBC}") = "Common", "Common\Common.csproj", "{EDFFB60A-4508-49DB-8263-BFE0A1658C89}"
EndProject
Project("{FAE04EC0-301F-11D3-BF4B-00C04F79EFBC}") = "TestSZU_Card", "TestSZU_Card\TestSZU_Card.csproj", "{CA37C760-1AD8-4A66-B9AD-AF23699B354C}"
EndProject
Project("{2150E333-8FDC-42A3-9474-1A3956D46DE8}") = "MyTests", "MyTests", "{5BF03107-2B4C-4DC8-B4AA-01D636014098}"
EndProject
Project("{2150E333-8FDC-42A3-9474-1A3956D46DE8}") = "菜品识别", "菜品识别", "{A415ED87-CC7B-42C9-A79F-B9CDBB13D90A}"
EndProject
Project("{FAE04EC0-301F-11D3-BF4B-00C04F79EFBC}") = "DishesIdentification", "DishesIdentification\DishesIdentification.csproj", "{66B96A56-3850-4C4B-B5B8-9C3A9BACD11B}"
EndProject
Project("{FAE04EC0-301F-11D3-BF4B-00C04F79EFBC}") = "TestRC200U_kemiRFID_Reader", "TestRC200U_kemiRFID_Reader\TestRC200U_kemiRFID_Reader.csproj", "{9DCFFDBC-1FF9-45DB-8014-703974F37CED}"
EndProject
Project("{2150E333-8FDC-42A3-9474-1A3956D46DE8}") = "智能诊所", "智能诊所", "{EDA7C1B2-CCAB-4D42-93C1-204EFD03C5B8}"
EndProject
Project("{FAE04EC0-301F-11D3-BF4B-00C04F79EFBC}") = "SerialPortTester", "Tests\SerialPortTester\SerialPortTester.csproj", "{A6ED6118-BA9C-4EEA-B92D-0832A8CD1CDE}"
EndProject
Project("{FAE04EC0-301F-11D3-BF4B-00C04F79EFBC}") = "TestMSC", "TestMSC\TestMSC.csproj", "{BB7186DF-A0A3-4394-B599-B687EB2363EE}"
EndProject
Project("{FAE04EC0-301F-11D3-BF4B-00C04F79EFBC}") = "PlateService", "PlateService\PlateService.csproj", "{448494B5-5E00-4D0B-B3E5-86DA2A07966D}"
EndProject
Project("{FAE04EC0-301F-11D3-BF4B-00C04F79EFBC}") = "TestOpenCvSharp", "TestOpenCvSharp\TestOpenCvSharp.csproj", "{A5A78ABE-730B-480B-9F2B-49B28C30C6F6}"
EndProject
Project("{2150E333-8FDC-42A3-9474-1A3956D46DE8}") = "Demo", "Demo", "{B3B17985-9C4B-4F5B-94AB-BBB177E80372}"
EndProject
Project("{FAE04EC0-301F-11D3-BF4B-00C04F79EFBC}") = "Socket通信服务器端+客户端(WPF)", "Socket通信服务器端+客户端\Socket通信服务器端+客户端(WPF).csproj", "{44F12DED-4B90-498D-8149-B0443F96BF5B}"
EndProject
Project("{FAE04EC0-301F-11D3-BF4B-00C04F79EFBC}") = "UDP通信服务器端+客户端(WPF)", "UDP通信服务器端+客户端(WPF)\UDP通信服务器端+客户端(WPF).csproj", "{585FDB9D-D3FB-4EBB-925E-1BEC316A367F}"
EndProject
Project("{FAE04EC0-301F-11D3-BF4B-00C04F79EFBC}") = "Test滚动条WpfApp", "Test滚动条WpfApp\Test滚动条WpfApp.csproj", "{C432FA93-D067-4993-9749-E083758E0196}"
EndProject
Project("{FAE04EC0-301F-11D3-BF4B-00C04F79EFBC}") = "Test按钮触摸效果", "Test按钮触摸效果\Test按钮触摸效果.csproj", "{8054857B-B472-4769-91E6-1D2187895E76}"
EndProject
Project("{FAE04EC0-301F-11D3-BF4B-00C04F79EFBC}") = "Test高级触屏操作Manipulation", "Test高级触屏操作Manipulation\Test高级触屏操作Manipulation.csproj", "{7D03D2AA-E984-4C6A-BCE0-643BE37FA0AE}"
EndProject
Project("{FAE04EC0-301F-11D3-BF4B-00C04F79EFBC}") = "TestMultiTouch高效开发模式", "TestMultiTouch高效开发模式\TestMultiTouch高效开发模式.csproj", "{77E749B2-8A58-4571-A92F-F7D93A095884}"
EndProject
Project("{FAE04EC0-301F-11D3-BF4B-00C04F79EFBC}") = "TestBlend", "TestBlend\TestBlend.csproj", "{F06839E6-8CF2-4505-AAB1-E7B8FCC2FB49}"
EndProject
Project("{FAE04EC0-301F-11D3-BF4B-00C04F79EFBC}") = "TestTextBoxPasswordBox水印效果", "TestTextBoxPasswordBox水印效果\TestTextBoxPasswordBox水印效果.csproj", "{0A525D2A-8AF9-40A5-9AAB-250B5C419716}"
EndProject
Project("{FAE04EC0-301F-11D3-BF4B-00C04F79EFBC}") = "TestTouch多点触控", "TestTouch多点触控\TestTouch多点触控.csproj", "{3B3BB82E-241F-4FEA-BFE8-758CF5332407}"
EndProject
Project("{FAE04EC0-301F-11D3-BF4B-00C04F79EFBC}") = "TestWPF_Text数据绑定", "TestWPF_Text数据绑定\TestWPF_Text数据绑定.csproj", "{A8335230-3934-45EF-8158-3235D57C3271}"
EndProject
Project("{FAE04EC0-301F-11D3-BF4B-00C04F79EFBC}") = "TestDirectSound录音", "TestDirectSound录音\TestDirectSound录音.csproj", "{E1966C3C-1435-45D0-B99E-1C475640E2AF}"
EndProject
Project("{FAE04EC0-301F-11D3-BF4B-00C04F79EFBC}") = "Test深大总医院智能床垫", "Test深大总医院智能床垫\Test深大总医院智能床垫.csproj", "{002FCD77-EE5D-44DF-81B9-CA4D42B93E18}"
EndProject
Project("{FAE04EC0-301F-11D3-BF4B-00C04F79EFBC}") = "TestWebView", "TestWebView\TestWebView.csproj", "{DE0DE230-1823-4B7B-B80B-D47E8E338537}"
EndProject
Global
	GlobalSection(SolutionConfigurationPlatforms) = preSolution
		Debug|Any CPU = Debug|Any CPU
		Debug|x64 = Debug|x64
		Release|Any CPU = Release|Any CPU
		Release|x64 = Release|x64
		tf|Any CPU = tf|Any CPU
		tf|x64 = tf|x64
	EndGlobalSection
	GlobalSection(ProjectConfigurationPlatforms) = postSolution
		{6772D3D9-0475-4B00-BCEB-FD79C0BBE8A8}.Debug|Any CPU.ActiveCfg = Debug|Any CPU
		{6772D3D9-0475-4B00-BCEB-FD79C0BBE8A8}.Debug|Any CPU.Build.0 = Debug|Any CPU
		{6772D3D9-0475-4B00-BCEB-FD79C0BBE8A8}.Debug|x64.ActiveCfg = Debug|Any CPU
		{6772D3D9-0475-4B00-BCEB-FD79C0BBE8A8}.Debug|x64.Build.0 = Debug|Any CPU
		{6772D3D9-0475-4B00-BCEB-FD79C0BBE8A8}.Release|Any CPU.ActiveCfg = Release|Any CPU
		{6772D3D9-0475-4B00-BCEB-FD79C0BBE8A8}.Release|Any CPU.Build.0 = Release|Any CPU
		{6772D3D9-0475-4B00-BCEB-FD79C0BBE8A8}.Release|x64.ActiveCfg = Release|Any CPU
		{6772D3D9-0475-4B00-BCEB-FD79C0BBE8A8}.Release|x64.Build.0 = Release|Any CPU
		{6772D3D9-0475-4B00-BCEB-FD79C0BBE8A8}.tf|Any CPU.ActiveCfg = Release|Any CPU
		{6772D3D9-0475-4B00-BCEB-FD79C0BBE8A8}.tf|Any CPU.Build.0 = Release|Any CPU
		{6772D3D9-0475-4B00-BCEB-FD79C0BBE8A8}.tf|x64.ActiveCfg = Release|Any CPU
		{6772D3D9-0475-4B00-BCEB-FD79C0BBE8A8}.tf|x64.Build.0 = Release|Any CPU
		{A23049EB-3B6F-4310-B984-69106BC2A6E4}.Debug|Any CPU.ActiveCfg = Debug|Any CPU
		{A23049EB-3B6F-4310-B984-69106BC2A6E4}.Debug|Any CPU.Build.0 = Debug|Any CPU
		{A23049EB-3B6F-4310-B984-69106BC2A6E4}.Debug|x64.ActiveCfg = Debug|Any CPU
		{A23049EB-3B6F-4310-B984-69106BC2A6E4}.Debug|x64.Build.0 = Debug|Any CPU
		{A23049EB-3B6F-4310-B984-69106BC2A6E4}.Release|Any CPU.ActiveCfg = Release|Any CPU
		{A23049EB-3B6F-4310-B984-69106BC2A6E4}.Release|Any CPU.Build.0 = Release|Any CPU
		{A23049EB-3B6F-4310-B984-69106BC2A6E4}.Release|x64.ActiveCfg = Release|Any CPU
		{A23049EB-3B6F-4310-B984-69106BC2A6E4}.Release|x64.Build.0 = Release|Any CPU
		{A23049EB-3B6F-4310-B984-69106BC2A6E4}.tf|Any CPU.ActiveCfg = Release|Any CPU
		{A23049EB-3B6F-4310-B984-69106BC2A6E4}.tf|Any CPU.Build.0 = Release|Any CPU
		{A23049EB-3B6F-4310-B984-69106BC2A6E4}.tf|x64.ActiveCfg = Release|Any CPU
		{A23049EB-3B6F-4310-B984-69106BC2A6E4}.tf|x64.Build.0 = Release|Any CPU
		{275AF6B7-F77A-459B-A2E0-D03685D83E1E}.Debug|Any CPU.ActiveCfg = Debug|Any CPU
		{275AF6B7-F77A-459B-A2E0-D03685D83E1E}.Debug|Any CPU.Build.0 = Debug|Any CPU
		{275AF6B7-F77A-459B-A2E0-D03685D83E1E}.Debug|x64.ActiveCfg = Debug|Any CPU
		{275AF6B7-F77A-459B-A2E0-D03685D83E1E}.Debug|x64.Build.0 = Debug|Any CPU
		{275AF6B7-F77A-459B-A2E0-D03685D83E1E}.Release|Any CPU.ActiveCfg = Release|Any CPU
		{275AF6B7-F77A-459B-A2E0-D03685D83E1E}.Release|Any CPU.Build.0 = Release|Any CPU
		{275AF6B7-F77A-459B-A2E0-D03685D83E1E}.Release|x64.ActiveCfg = Release|Any CPU
		{275AF6B7-F77A-459B-A2E0-D03685D83E1E}.Release|x64.Build.0 = Release|Any CPU
		{275AF6B7-F77A-459B-A2E0-D03685D83E1E}.tf|Any CPU.ActiveCfg = Release|Any CPU
		{275AF6B7-F77A-459B-A2E0-D03685D83E1E}.tf|Any CPU.Build.0 = Release|Any CPU
		{275AF6B7-F77A-459B-A2E0-D03685D83E1E}.tf|x64.ActiveCfg = Release|Any CPU
		{275AF6B7-F77A-459B-A2E0-D03685D83E1E}.tf|x64.Build.0 = Release|Any CPU
		{58D70166-55A9-4124-8AF5-8421898DD757}.Debug|Any CPU.ActiveCfg = Debug|Any CPU
		{58D70166-55A9-4124-8AF5-8421898DD757}.Debug|Any CPU.Build.0 = Debug|Any CPU
		{58D70166-55A9-4124-8AF5-8421898DD757}.Debug|x64.ActiveCfg = Debug|Any CPU
		{58D70166-55A9-4124-8AF5-8421898DD757}.Debug|x64.Build.0 = Debug|Any CPU
		{58D70166-55A9-4124-8AF5-8421898DD757}.Release|Any CPU.ActiveCfg = Release|Any CPU
		{58D70166-55A9-4124-8AF5-8421898DD757}.Release|Any CPU.Build.0 = Release|Any CPU
		{58D70166-55A9-4124-8AF5-8421898DD757}.Release|x64.ActiveCfg = Release|Any CPU
		{58D70166-55A9-4124-8AF5-8421898DD757}.Release|x64.Build.0 = Release|Any CPU
		{58D70166-55A9-4124-8AF5-8421898DD757}.tf|Any CPU.ActiveCfg = Release|Any CPU
		{58D70166-55A9-4124-8AF5-8421898DD757}.tf|Any CPU.Build.0 = Release|Any CPU
		{58D70166-55A9-4124-8AF5-8421898DD757}.tf|x64.ActiveCfg = Release|Any CPU
		{58D70166-55A9-4124-8AF5-8421898DD757}.tf|x64.Build.0 = Release|Any CPU
		{BC1354EC-497F-416F-BCE3-285D53B0FADC}.Debug|Any CPU.ActiveCfg = Debug|Any CPU
		{BC1354EC-497F-416F-BCE3-285D53B0FADC}.Debug|Any CPU.Build.0 = Debug|Any CPU
		{BC1354EC-497F-416F-BCE3-285D53B0FADC}.Debug|x64.ActiveCfg = Debug|Any CPU
		{BC1354EC-497F-416F-BCE3-285D53B0FADC}.Debug|x64.Build.0 = Debug|Any CPU
		{BC1354EC-497F-416F-BCE3-285D53B0FADC}.Release|Any CPU.ActiveCfg = Release|Any CPU
		{BC1354EC-497F-416F-BCE3-285D53B0FADC}.Release|Any CPU.Build.0 = Release|Any CPU
		{BC1354EC-497F-416F-BCE3-285D53B0FADC}.Release|x64.ActiveCfg = Release|Any CPU
		{BC1354EC-497F-416F-BCE3-285D53B0FADC}.Release|x64.Build.0 = Release|Any CPU
		{BC1354EC-497F-416F-BCE3-285D53B0FADC}.tf|Any CPU.ActiveCfg = Release|Any CPU
		{BC1354EC-497F-416F-BCE3-285D53B0FADC}.tf|Any CPU.Build.0 = Release|Any CPU
		{BC1354EC-497F-416F-BCE3-285D53B0FADC}.tf|x64.ActiveCfg = Release|Any CPU
		{BC1354EC-497F-416F-BCE3-285D53B0FADC}.tf|x64.Build.0 = Release|Any CPU
		{EDFFB60A-4508-49DB-8263-BFE0A1658C89}.Debug|Any CPU.ActiveCfg = Debug|Any CPU
		{EDFFB60A-4508-49DB-8263-BFE0A1658C89}.Debug|Any CPU.Build.0 = Debug|Any CPU
		{EDFFB60A-4508-49DB-8263-BFE0A1658C89}.Debug|x64.ActiveCfg = Debug|Any CPU
		{EDFFB60A-4508-49DB-8263-BFE0A1658C89}.Debug|x64.Build.0 = Debug|Any CPU
		{EDFFB60A-4508-49DB-8263-BFE0A1658C89}.Release|Any CPU.ActiveCfg = Release|Any CPU
		{EDFFB60A-4508-49DB-8263-BFE0A1658C89}.Release|Any CPU.Build.0 = Release|Any CPU
		{EDFFB60A-4508-49DB-8263-BFE0A1658C89}.Release|x64.ActiveCfg = Release|Any CPU
		{EDFFB60A-4508-49DB-8263-BFE0A1658C89}.Release|x64.Build.0 = Release|Any CPU
		{EDFFB60A-4508-49DB-8263-BFE0A1658C89}.tf|Any CPU.ActiveCfg = Release|Any CPU
		{EDFFB60A-4508-49DB-8263-BFE0A1658C89}.tf|Any CPU.Build.0 = Release|Any CPU
		{EDFFB60A-4508-49DB-8263-BFE0A1658C89}.tf|x64.ActiveCfg = Release|Any CPU
		{EDFFB60A-4508-49DB-8263-BFE0A1658C89}.tf|x64.Build.0 = Release|Any CPU
		{CA37C760-1AD8-4A66-B9AD-AF23699B354C}.Debug|Any CPU.ActiveCfg = Debug|Any CPU
		{CA37C760-1AD8-4A66-B9AD-AF23699B354C}.Debug|Any CPU.Build.0 = Debug|Any CPU
		{CA37C760-1AD8-4A66-B9AD-AF23699B354C}.Debug|x64.ActiveCfg = Debug|Any CPU
		{CA37C760-1AD8-4A66-B9AD-AF23699B354C}.Debug|x64.Build.0 = Debug|Any CPU
		{CA37C760-1AD8-4A66-B9AD-AF23699B354C}.Release|Any CPU.ActiveCfg = Release|Any CPU
		{CA37C760-1AD8-4A66-B9AD-AF23699B354C}.Release|Any CPU.Build.0 = Release|Any CPU
		{CA37C760-1AD8-4A66-B9AD-AF23699B354C}.Release|x64.ActiveCfg = Release|Any CPU
		{CA37C760-1AD8-4A66-B9AD-AF23699B354C}.Release|x64.Build.0 = Release|Any CPU
		{CA37C760-1AD8-4A66-B9AD-AF23699B354C}.tf|Any CPU.ActiveCfg = Release|Any CPU
		{CA37C760-1AD8-4A66-B9AD-AF23699B354C}.tf|Any CPU.Build.0 = Release|Any CPU
		{CA37C760-1AD8-4A66-B9AD-AF23699B354C}.tf|x64.ActiveCfg = Release|Any CPU
		{CA37C760-1AD8-4A66-B9AD-AF23699B354C}.tf|x64.Build.0 = Release|Any CPU
		{66B96A56-3850-4C4B-B5B8-9C3A9BACD11B}.Debug|Any CPU.ActiveCfg = Debug|Any CPU
		{66B96A56-3850-4C4B-B5B8-9C3A9BACD11B}.Debug|Any CPU.Build.0 = Debug|Any CPU
		{66B96A56-3850-4C4B-B5B8-9C3A9BACD11B}.Debug|x64.ActiveCfg = Debug|Any CPU
		{66B96A56-3850-4C4B-B5B8-9C3A9BACD11B}.Debug|x64.Build.0 = Debug|Any CPU
		{66B96A56-3850-4C4B-B5B8-9C3A9BACD11B}.Release|Any CPU.ActiveCfg = Release|Any CPU
		{66B96A56-3850-4C4B-B5B8-9C3A9BACD11B}.Release|Any CPU.Build.0 = Release|Any CPU
		{66B96A56-3850-4C4B-B5B8-9C3A9BACD11B}.Release|x64.ActiveCfg = Release|Any CPU
		{66B96A56-3850-4C4B-B5B8-9C3A9BACD11B}.Release|x64.Build.0 = Release|Any CPU
		{66B96A56-3850-4C4B-B5B8-9C3A9BACD11B}.tf|Any CPU.ActiveCfg = tf|Any CPU
		{66B96A56-3850-4C4B-B5B8-9C3A9BACD11B}.tf|Any CPU.Build.0 = tf|Any CPU
		{66B96A56-3850-4C4B-B5B8-9C3A9BACD11B}.tf|x64.ActiveCfg = tf|x64
		{66B96A56-3850-4C4B-B5B8-9C3A9BACD11B}.tf|x64.Build.0 = tf|x64
		{9DCFFDBC-1FF9-45DB-8014-703974F37CED}.Debug|Any CPU.ActiveCfg = Debug|Any CPU
		{9DCFFDBC-1FF9-45DB-8014-703974F37CED}.Debug|Any CPU.Build.0 = Debug|Any CPU
		{9DCFFDBC-1FF9-45DB-8014-703974F37CED}.Debug|x64.ActiveCfg = Debug|Any CPU
		{9DCFFDBC-1FF9-45DB-8014-703974F37CED}.Debug|x64.Build.0 = Debug|Any CPU
		{9DCFFDBC-1FF9-45DB-8014-703974F37CED}.Release|Any CPU.ActiveCfg = Release|Any CPU
		{9DCFFDBC-1FF9-45DB-8014-703974F37CED}.Release|Any CPU.Build.0 = Release|Any CPU
		{9DCFFDBC-1FF9-45DB-8014-703974F37CED}.Release|x64.ActiveCfg = Release|x64
		{9DCFFDBC-1FF9-45DB-8014-703974F37CED}.Release|x64.Build.0 = Release|x64
		{9DCFFDBC-1FF9-45DB-8014-703974F37CED}.tf|Any CPU.ActiveCfg = Release|Any CPU
		{9DCFFDBC-1FF9-45DB-8014-703974F37CED}.tf|Any CPU.Build.0 = Release|Any CPU
		{9DCFFDBC-1FF9-45DB-8014-703974F37CED}.tf|x64.ActiveCfg = Release|Any CPU
		{9DCFFDBC-1FF9-45DB-8014-703974F37CED}.tf|x64.Build.0 = Release|Any CPU
		{A6ED6118-BA9C-4EEA-B92D-0832A8CD1CDE}.Debug|Any CPU.ActiveCfg = Debug|Any CPU
		{A6ED6118-BA9C-4EEA-B92D-0832A8CD1CDE}.Debug|Any CPU.Build.0 = Debug|Any CPU
		{A6ED6118-BA9C-4EEA-B92D-0832A8CD1CDE}.Debug|x64.ActiveCfg = Debug|Any CPU
		{A6ED6118-BA9C-4EEA-B92D-0832A8CD1CDE}.Debug|x64.Build.0 = Debug|Any CPU
		{A6ED6118-BA9C-4EEA-B92D-0832A8CD1CDE}.Release|Any CPU.ActiveCfg = Release|Any CPU
		{A6ED6118-BA9C-4EEA-B92D-0832A8CD1CDE}.Release|Any CPU.Build.0 = Release|Any CPU
		{A6ED6118-BA9C-4EEA-B92D-0832A8CD1CDE}.Release|x64.ActiveCfg = Release|Any CPU
		{A6ED6118-BA9C-4EEA-B92D-0832A8CD1CDE}.Release|x64.Build.0 = Release|Any CPU
		{A6ED6118-BA9C-4EEA-B92D-0832A8CD1CDE}.tf|Any CPU.ActiveCfg = Release|Any CPU
		{A6ED6118-BA9C-4EEA-B92D-0832A8CD1CDE}.tf|Any CPU.Build.0 = Release|Any CPU
		{A6ED6118-BA9C-4EEA-B92D-0832A8CD1CDE}.tf|x64.ActiveCfg = Release|Any CPU
		{A6ED6118-BA9C-4EEA-B92D-0832A8CD1CDE}.tf|x64.Build.0 = Release|Any CPU
		{BB7186DF-A0A3-4394-B599-B687EB2363EE}.Debug|Any CPU.ActiveCfg = Debug|Any CPU
		{BB7186DF-A0A3-4394-B599-B687EB2363EE}.Debug|Any CPU.Build.0 = Debug|Any CPU
		{BB7186DF-A0A3-4394-B599-B687EB2363EE}.Debug|x64.ActiveCfg = Debug|Any CPU
		{BB7186DF-A0A3-4394-B599-B687EB2363EE}.Debug|x64.Build.0 = Debug|Any CPU
		{BB7186DF-A0A3-4394-B599-B687EB2363EE}.Release|Any CPU.ActiveCfg = Release|Any CPU
		{BB7186DF-A0A3-4394-B599-B687EB2363EE}.Release|Any CPU.Build.0 = Release|Any CPU
		{BB7186DF-A0A3-4394-B599-B687EB2363EE}.Release|x64.ActiveCfg = Release|Any CPU
		{BB7186DF-A0A3-4394-B599-B687EB2363EE}.Release|x64.Build.0 = Release|Any CPU
		{BB7186DF-A0A3-4394-B599-B687EB2363EE}.tf|Any CPU.ActiveCfg = Release|Any CPU
		{BB7186DF-A0A3-4394-B599-B687EB2363EE}.tf|Any CPU.Build.0 = Release|Any CPU
		{BB7186DF-A0A3-4394-B599-B687EB2363EE}.tf|x64.ActiveCfg = Release|Any CPU
		{BB7186DF-A0A3-4394-B599-B687EB2363EE}.tf|x64.Build.0 = Release|Any CPU
		{448494B5-5E00-4D0B-B3E5-86DA2A07966D}.Debug|Any CPU.ActiveCfg = Debug|Any CPU
		{448494B5-5E00-4D0B-B3E5-86DA2A07966D}.Debug|Any CPU.Build.0 = Debug|Any CPU
		{448494B5-5E00-4D0B-B3E5-86DA2A07966D}.Debug|x64.ActiveCfg = Debug|Any CPU
		{448494B5-5E00-4D0B-B3E5-86DA2A07966D}.Debug|x64.Build.0 = Debug|Any CPU
		{448494B5-5E00-4D0B-B3E5-86DA2A07966D}.Release|Any CPU.ActiveCfg = Release|Any CPU
		{448494B5-5E00-4D0B-B3E5-86DA2A07966D}.Release|Any CPU.Build.0 = Release|Any CPU
		{448494B5-5E00-4D0B-B3E5-86DA2A07966D}.Release|x64.ActiveCfg = Release|Any CPU
		{448494B5-5E00-4D0B-B3E5-86DA2A07966D}.Release|x64.Build.0 = Release|Any CPU
		{448494B5-5E00-4D0B-B3E5-86DA2A07966D}.tf|Any CPU.ActiveCfg = Release|Any CPU
		{448494B5-5E00-4D0B-B3E5-86DA2A07966D}.tf|Any CPU.Build.0 = Release|Any CPU
		{448494B5-5E00-4D0B-B3E5-86DA2A07966D}.tf|x64.ActiveCfg = Release|Any CPU
		{448494B5-5E00-4D0B-B3E5-86DA2A07966D}.tf|x64.Build.0 = Release|Any CPU
		{A5A78ABE-730B-480B-9F2B-49B28C30C6F6}.Debug|Any CPU.ActiveCfg = Debug|Any CPU
		{A5A78ABE-730B-480B-9F2B-49B28C30C6F6}.Debug|Any CPU.Build.0 = Debug|Any CPU
		{A5A78ABE-730B-480B-9F2B-49B28C30C6F6}.Debug|x64.ActiveCfg = Debug|Any CPU
		{A5A78ABE-730B-480B-9F2B-49B28C30C6F6}.Debug|x64.Build.0 = Debug|Any CPU
		{A5A78ABE-730B-480B-9F2B-49B28C30C6F6}.Release|Any CPU.ActiveCfg = Release|Any CPU
		{A5A78ABE-730B-480B-9F2B-49B28C30C6F6}.Release|Any CPU.Build.0 = Release|Any CPU
		{A5A78ABE-730B-480B-9F2B-49B28C30C6F6}.Release|x64.ActiveCfg = Release|Any CPU
		{A5A78ABE-730B-480B-9F2B-49B28C30C6F6}.Release|x64.Build.0 = Release|Any CPU
		{A5A78ABE-730B-480B-9F2B-49B28C30C6F6}.tf|Any CPU.ActiveCfg = Release|Any CPU
		{A5A78ABE-730B-480B-9F2B-49B28C30C6F6}.tf|Any CPU.Build.0 = Release|Any CPU
		{A5A78ABE-730B-480B-9F2B-49B28C30C6F6}.tf|x64.ActiveCfg = Release|Any CPU
		{A5A78ABE-730B-480B-9F2B-49B28C30C6F6}.tf|x64.Build.0 = Release|Any CPU
		{44F12DED-4B90-498D-8149-B0443F96BF5B}.Debug|Any CPU.ActiveCfg = Debug|Any CPU
		{44F12DED-4B90-498D-8149-B0443F96BF5B}.Debug|Any CPU.Build.0 = Debug|Any CPU
		{44F12DED-4B90-498D-8149-B0443F96BF5B}.Debug|x64.ActiveCfg = Debug|Any CPU
		{44F12DED-4B90-498D-8149-B0443F96BF5B}.Debug|x64.Build.0 = Debug|Any CPU
		{44F12DED-4B90-498D-8149-B0443F96BF5B}.Release|Any CPU.ActiveCfg = Release|Any CPU
		{44F12DED-4B90-498D-8149-B0443F96BF5B}.Release|Any CPU.Build.0 = Release|Any CPU
		{44F12DED-4B90-498D-8149-B0443F96BF5B}.Release|x64.ActiveCfg = Release|Any CPU
		{44F12DED-4B90-498D-8149-B0443F96BF5B}.Release|x64.Build.0 = Release|Any CPU
		{44F12DED-4B90-498D-8149-B0443F96BF5B}.tf|Any CPU.ActiveCfg = Release|Any CPU
		{44F12DED-4B90-498D-8149-B0443F96BF5B}.tf|Any CPU.Build.0 = Release|Any CPU
		{44F12DED-4B90-498D-8149-B0443F96BF5B}.tf|x64.ActiveCfg = Release|Any CPU
		{44F12DED-4B90-498D-8149-B0443F96BF5B}.tf|x64.Build.0 = Release|Any CPU
		{585FDB9D-D3FB-4EBB-925E-1BEC316A367F}.Debug|Any CPU.ActiveCfg = Debug|Any CPU
		{585FDB9D-D3FB-4EBB-925E-1BEC316A367F}.Debug|Any CPU.Build.0 = Debug|Any CPU
		{585FDB9D-D3FB-4EBB-925E-1BEC316A367F}.Debug|x64.ActiveCfg = Debug|Any CPU
		{585FDB9D-D3FB-4EBB-925E-1BEC316A367F}.Debug|x64.Build.0 = Debug|Any CPU
		{585FDB9D-D3FB-4EBB-925E-1BEC316A367F}.Release|Any CPU.ActiveCfg = Release|Any CPU
		{585FDB9D-D3FB-4EBB-925E-1BEC316A367F}.Release|Any CPU.Build.0 = Release|Any CPU
		{585FDB9D-D3FB-4EBB-925E-1BEC316A367F}.Release|x64.ActiveCfg = Release|Any CPU
		{585FDB9D-D3FB-4EBB-925E-1BEC316A367F}.Release|x64.Build.0 = Release|Any CPU
		{585FDB9D-D3FB-4EBB-925E-1BEC316A367F}.tf|Any CPU.ActiveCfg = Release|Any CPU
		{585FDB9D-D3FB-4EBB-925E-1BEC316A367F}.tf|Any CPU.Build.0 = Release|Any CPU
		{585FDB9D-D3FB-4EBB-925E-1BEC316A367F}.tf|x64.ActiveCfg = Release|Any CPU
		{585FDB9D-D3FB-4EBB-925E-1BEC316A367F}.tf|x64.Build.0 = Release|Any CPU
		{C432FA93-D067-4993-9749-E083758E0196}.Debug|Any CPU.ActiveCfg = Debug|Any CPU
		{C432FA93-D067-4993-9749-E083758E0196}.Debug|Any CPU.Build.0 = Debug|Any CPU
		{C432FA93-D067-4993-9749-E083758E0196}.Debug|x64.ActiveCfg = Debug|Any CPU
		{C432FA93-D067-4993-9749-E083758E0196}.Debug|x64.Build.0 = Debug|Any CPU
		{C432FA93-D067-4993-9749-E083758E0196}.Release|Any CPU.ActiveCfg = Release|Any CPU
		{C432FA93-D067-4993-9749-E083758E0196}.Release|Any CPU.Build.0 = Release|Any CPU
		{C432FA93-D067-4993-9749-E083758E0196}.Release|x64.ActiveCfg = Release|Any CPU
		{C432FA93-D067-4993-9749-E083758E0196}.Release|x64.Build.0 = Release|Any CPU
		{C432FA93-D067-4993-9749-E083758E0196}.tf|Any CPU.ActiveCfg = Release|Any CPU
		{C432FA93-D067-4993-9749-E083758E0196}.tf|Any CPU.Build.0 = Release|Any CPU
		{C432FA93-D067-4993-9749-E083758E0196}.tf|x64.ActiveCfg = Release|Any CPU
		{C432FA93-D067-4993-9749-E083758E0196}.tf|x64.Build.0 = Release|Any CPU
		{8054857B-B472-4769-91E6-1D2187895E76}.Debug|Any CPU.ActiveCfg = Debug|Any CPU
		{8054857B-B472-4769-91E6-1D2187895E76}.Debug|Any CPU.Build.0 = Debug|Any CPU
		{8054857B-B472-4769-91E6-1D2187895E76}.Debug|x64.ActiveCfg = Debug|Any CPU
		{8054857B-B472-4769-91E6-1D2187895E76}.Debug|x64.Build.0 = Debug|Any CPU
		{8054857B-B472-4769-91E6-1D2187895E76}.Release|Any CPU.ActiveCfg = Release|Any CPU
		{8054857B-B472-4769-91E6-1D2187895E76}.Release|Any CPU.Build.0 = Release|Any CPU
		{8054857B-B472-4769-91E6-1D2187895E76}.Release|x64.ActiveCfg = Release|Any CPU
		{8054857B-B472-4769-91E6-1D2187895E76}.Release|x64.Build.0 = Release|Any CPU
		{8054857B-B472-4769-91E6-1D2187895E76}.tf|Any CPU.ActiveCfg = Release|Any CPU
		{8054857B-B472-4769-91E6-1D2187895E76}.tf|Any CPU.Build.0 = Release|Any CPU
		{8054857B-B472-4769-91E6-1D2187895E76}.tf|x64.ActiveCfg = Release|Any CPU
		{8054857B-B472-4769-91E6-1D2187895E76}.tf|x64.Build.0 = Release|Any CPU
		{7D03D2AA-E984-4C6A-BCE0-643BE37FA0AE}.Debug|Any CPU.ActiveCfg = Debug|Any CPU
		{7D03D2AA-E984-4C6A-BCE0-643BE37FA0AE}.Debug|Any CPU.Build.0 = Debug|Any CPU
		{7D03D2AA-E984-4C6A-BCE0-643BE37FA0AE}.Debug|x64.ActiveCfg = Debug|Any CPU
		{7D03D2AA-E984-4C6A-BCE0-643BE37FA0AE}.Debug|x64.Build.0 = Debug|Any CPU
		{7D03D2AA-E984-4C6A-BCE0-643BE37FA0AE}.Release|Any CPU.ActiveCfg = Release|Any CPU
		{7D03D2AA-E984-4C6A-BCE0-643BE37FA0AE}.Release|Any CPU.Build.0 = Release|Any CPU
		{7D03D2AA-E984-4C6A-BCE0-643BE37FA0AE}.Release|x64.ActiveCfg = Release|Any CPU
		{7D03D2AA-E984-4C6A-BCE0-643BE37FA0AE}.Release|x64.Build.0 = Release|Any CPU
		{7D03D2AA-E984-4C6A-BCE0-643BE37FA0AE}.tf|Any CPU.ActiveCfg = Release|Any CPU
		{7D03D2AA-E984-4C6A-BCE0-643BE37FA0AE}.tf|Any CPU.Build.0 = Release|Any CPU
		{7D03D2AA-E984-4C6A-BCE0-643BE37FA0AE}.tf|x64.ActiveCfg = Release|Any CPU
		{7D03D2AA-E984-4C6A-BCE0-643BE37FA0AE}.tf|x64.Build.0 = Release|Any CPU
		{77E749B2-8A58-4571-A92F-F7D93A095884}.Debug|Any CPU.ActiveCfg = Debug|Any CPU
		{77E749B2-8A58-4571-A92F-F7D93A095884}.Debug|Any CPU.Build.0 = Debug|Any CPU
		{77E749B2-8A58-4571-A92F-F7D93A095884}.Debug|x64.ActiveCfg = Debug|Any CPU
		{77E749B2-8A58-4571-A92F-F7D93A095884}.Debug|x64.Build.0 = Debug|Any CPU
		{77E749B2-8A58-4571-A92F-F7D93A095884}.Release|Any CPU.ActiveCfg = Release|Any CPU
		{77E749B2-8A58-4571-A92F-F7D93A095884}.Release|Any CPU.Build.0 = Release|Any CPU
		{77E749B2-8A58-4571-A92F-F7D93A095884}.Release|x64.ActiveCfg = Release|Any CPU
		{77E749B2-8A58-4571-A92F-F7D93A095884}.Release|x64.Build.0 = Release|Any CPU
		{77E749B2-8A58-4571-A92F-F7D93A095884}.tf|Any CPU.ActiveCfg = Release|Any CPU
		{77E749B2-8A58-4571-A92F-F7D93A095884}.tf|Any CPU.Build.0 = Release|Any CPU
		{77E749B2-8A58-4571-A92F-F7D93A095884}.tf|x64.ActiveCfg = Release|Any CPU
		{77E749B2-8A58-4571-A92F-F7D93A095884}.tf|x64.Build.0 = Release|Any CPU
		{F06839E6-8CF2-4505-AAB1-E7B8FCC2FB49}.Debug|Any CPU.ActiveCfg = Debug|Any CPU
		{F06839E6-8CF2-4505-AAB1-E7B8FCC2FB49}.Debug|Any CPU.Build.0 = Debug|Any CPU
		{F06839E6-8CF2-4505-AAB1-E7B8FCC2FB49}.Debug|x64.ActiveCfg = Debug|Any CPU
		{F06839E6-8CF2-4505-AAB1-E7B8FCC2FB49}.Debug|x64.Build.0 = Debug|Any CPU
		{F06839E6-8CF2-4505-AAB1-E7B8FCC2FB49}.Release|Any CPU.ActiveCfg = Release|Any CPU
		{F06839E6-8CF2-4505-AAB1-E7B8FCC2FB49}.Release|Any CPU.Build.0 = Release|Any CPU
		{F06839E6-8CF2-4505-AAB1-E7B8FCC2FB49}.Release|x64.ActiveCfg = Release|Any CPU
		{F06839E6-8CF2-4505-AAB1-E7B8FCC2FB49}.Release|x64.Build.0 = Release|Any CPU
		{F06839E6-8CF2-4505-AAB1-E7B8FCC2FB49}.tf|Any CPU.ActiveCfg = Release|Any CPU
		{F06839E6-8CF2-4505-AAB1-E7B8FCC2FB49}.tf|Any CPU.Build.0 = Release|Any CPU
		{F06839E6-8CF2-4505-AAB1-E7B8FCC2FB49}.tf|x64.ActiveCfg = Release|Any CPU
		{F06839E6-8CF2-4505-AAB1-E7B8FCC2FB49}.tf|x64.Build.0 = Release|Any CPU
		{0A525D2A-8AF9-40A5-9AAB-250B5C419716}.Debug|Any CPU.ActiveCfg = Debug|Any CPU
		{0A525D2A-8AF9-40A5-9AAB-250B5C419716}.Debug|Any CPU.Build.0 = Debug|Any CPU
		{0A525D2A-8AF9-40A5-9AAB-250B5C419716}.Debug|x64.ActiveCfg = Debug|Any CPU
		{0A525D2A-8AF9-40A5-9AAB-250B5C419716}.Debug|x64.Build.0 = Debug|Any CPU
		{0A525D2A-8AF9-40A5-9AAB-250B5C419716}.Release|Any CPU.ActiveCfg = Release|Any CPU
		{0A525D2A-8AF9-40A5-9AAB-250B5C419716}.Release|Any CPU.Build.0 = Release|Any CPU
		{0A525D2A-8AF9-40A5-9AAB-250B5C419716}.Release|x64.ActiveCfg = Release|Any CPU
		{0A525D2A-8AF9-40A5-9AAB-250B5C419716}.Release|x64.Build.0 = Release|Any CPU
		{0A525D2A-8AF9-40A5-9AAB-250B5C419716}.tf|Any CPU.ActiveCfg = Release|Any CPU
		{0A525D2A-8AF9-40A5-9AAB-250B5C419716}.tf|Any CPU.Build.0 = Release|Any CPU
		{0A525D2A-8AF9-40A5-9AAB-250B5C419716}.tf|x64.ActiveCfg = Release|Any CPU
		{0A525D2A-8AF9-40A5-9AAB-250B5C419716}.tf|x64.Build.0 = Release|Any CPU
		{3B3BB82E-241F-4FEA-BFE8-758CF5332407}.Debug|Any CPU.ActiveCfg = Debug|Any CPU
		{3B3BB82E-241F-4FEA-BFE8-758CF5332407}.Debug|Any CPU.Build.0 = Debug|Any CPU
		{3B3BB82E-241F-4FEA-BFE8-758CF5332407}.Debug|x64.ActiveCfg = Debug|Any CPU
		{3B3BB82E-241F-4FEA-BFE8-758CF5332407}.Debug|x64.Build.0 = Debug|Any CPU
		{3B3BB82E-241F-4FEA-BFE8-758CF5332407}.Release|Any CPU.ActiveCfg = Release|Any CPU
		{3B3BB82E-241F-4FEA-BFE8-758CF5332407}.Release|Any CPU.Build.0 = Release|Any CPU
		{3B3BB82E-241F-4FEA-BFE8-758CF5332407}.Release|x64.ActiveCfg = Release|Any CPU
		{3B3BB82E-241F-4FEA-BFE8-758CF5332407}.Release|x64.Build.0 = Release|Any CPU
		{3B3BB82E-241F-4FEA-BFE8-758CF5332407}.tf|Any CPU.ActiveCfg = Release|Any CPU
		{3B3BB82E-241F-4FEA-BFE8-758CF5332407}.tf|Any CPU.Build.0 = Release|Any CPU
		{3B3BB82E-241F-4FEA-BFE8-758CF5332407}.tf|x64.ActiveCfg = Release|Any CPU
		{3B3BB82E-241F-4FEA-BFE8-758CF5332407}.tf|x64.Build.0 = Release|Any CPU
		{A8335230-3934-45EF-8158-3235D57C3271}.Debug|Any CPU.ActiveCfg = Debug|Any CPU
		{A8335230-3934-45EF-8158-3235D57C3271}.Debug|Any CPU.Build.0 = Debug|Any CPU
		{A8335230-3934-45EF-8158-3235D57C3271}.Debug|x64.ActiveCfg = Debug|Any CPU
		{A8335230-3934-45EF-8158-3235D57C3271}.Debug|x64.Build.0 = Debug|Any CPU
		{A8335230-3934-45EF-8158-3235D57C3271}.Release|Any CPU.ActiveCfg = Release|Any CPU
		{A8335230-3934-45EF-8158-3235D57C3271}.Release|Any CPU.Build.0 = Release|Any CPU
		{A8335230-3934-45EF-8158-3235D57C3271}.Release|x64.ActiveCfg = Release|Any CPU
		{A8335230-3934-45EF-8158-3235D57C3271}.Release|x64.Build.0 = Release|Any CPU
		{A8335230-3934-45EF-8158-3235D57C3271}.tf|Any CPU.ActiveCfg = Release|Any CPU
		{A8335230-3934-45EF-8158-3235D57C3271}.tf|Any CPU.Build.0 = Release|Any CPU
		{A8335230-3934-45EF-8158-3235D57C3271}.tf|x64.ActiveCfg = Release|Any CPU
		{A8335230-3934-45EF-8158-3235D57C3271}.tf|x64.Build.0 = Release|Any CPU
		{E1966C3C-1435-45D0-B99E-1C475640E2AF}.Debug|Any CPU.ActiveCfg = Debug|Any CPU
		{E1966C3C-1435-45D0-B99E-1C475640E2AF}.Debug|Any CPU.Build.0 = Debug|Any CPU
		{E1966C3C-1435-45D0-B99E-1C475640E2AF}.Debug|x64.ActiveCfg = Debug|Any CPU
		{E1966C3C-1435-45D0-B99E-1C475640E2AF}.Debug|x64.Build.0 = Debug|Any CPU
		{E1966C3C-1435-45D0-B99E-1C475640E2AF}.Release|Any CPU.ActiveCfg = Release|Any CPU
		{E1966C3C-1435-45D0-B99E-1C475640E2AF}.Release|Any CPU.Build.0 = Release|Any CPU
		{E1966C3C-1435-45D0-B99E-1C475640E2AF}.Release|x64.ActiveCfg = Release|Any CPU
		{E1966C3C-1435-45D0-B99E-1C475640E2AF}.Release|x64.Build.0 = Release|Any CPU
		{E1966C3C-1435-45D0-B99E-1C475640E2AF}.tf|Any CPU.ActiveCfg = Release|Any CPU
		{E1966C3C-1435-45D0-B99E-1C475640E2AF}.tf|Any CPU.Build.0 = Release|Any CPU
		{E1966C3C-1435-45D0-B99E-1C475640E2AF}.tf|x64.ActiveCfg = Release|Any CPU
		{E1966C3C-1435-45D0-B99E-1C475640E2AF}.tf|x64.Build.0 = Release|Any CPU
		{002FCD77-EE5D-44DF-81B9-CA4D42B93E18}.Debug|Any CPU.ActiveCfg = Debug|Any CPU
		{002FCD77-EE5D-44DF-81B9-CA4D42B93E18}.Debug|Any CPU.Build.0 = Debug|Any CPU
		{002FCD77-EE5D-44DF-81B9-CA4D42B93E18}.Debug|x64.ActiveCfg = Debug|Any CPU
		{002FCD77-EE5D-44DF-81B9-CA4D42B93E18}.Debug|x64.Build.0 = Debug|Any CPU
		{002FCD77-EE5D-44DF-81B9-CA4D42B93E18}.Release|Any CPU.ActiveCfg = Release|Any CPU
		{002FCD77-EE5D-44DF-81B9-CA4D42B93E18}.Release|Any CPU.Build.0 = Release|Any CPU
		{002FCD77-EE5D-44DF-81B9-CA4D42B93E18}.Release|x64.ActiveCfg = Release|Any CPU
		{002FCD77-EE5D-44DF-81B9-CA4D42B93E18}.Release|x64.Build.0 = Release|Any CPU
		{002FCD77-EE5D-44DF-81B9-CA4D42B93E18}.tf|Any CPU.ActiveCfg = Release|Any CPU
		{002FCD77-EE5D-44DF-81B9-CA4D42B93E18}.tf|Any CPU.Build.0 = Release|Any CPU
		{002FCD77-EE5D-44DF-81B9-CA4D42B93E18}.tf|x64.ActiveCfg = Release|Any CPU
		{002FCD77-EE5D-44DF-81B9-CA4D42B93E18}.tf|x64.Build.0 = Release|Any CPU
		{DE0DE230-1823-4B7B-B80B-D47E8E338537}.Debug|Any CPU.ActiveCfg = Debug|Any CPU
		{DE0DE230-1823-4B7B-B80B-D47E8E338537}.Debug|Any CPU.Build.0 = Debug|Any CPU
		{DE0DE230-1823-4B7B-B80B-D47E8E338537}.Debug|x64.ActiveCfg = Debug|Any CPU
		{DE0DE230-1823-4B7B-B80B-D47E8E338537}.Debug|x64.Build.0 = Debug|Any CPU
		{DE0DE230-1823-4B7B-B80B-D47E8E338537}.Release|Any CPU.ActiveCfg = Release|Any CPU
		{DE0DE230-1823-4B7B-B80B-D47E8E338537}.Release|Any CPU.Build.0 = Release|Any CPU
		{DE0DE230-1823-4B7B-B80B-D47E8E338537}.Release|x64.ActiveCfg = Release|Any CPU
		{DE0DE230-1823-4B7B-B80B-D47E8E338537}.Release|x64.Build.0 = Release|Any CPU
		{DE0DE230-1823-4B7B-B80B-D47E8E338537}.tf|Any CPU.ActiveCfg = Release|Any CPU
		{DE0DE230-1823-4B7B-B80B-D47E8E338537}.tf|Any CPU.Build.0 = Release|Any CPU
		{DE0DE230-1823-4B7B-B80B-D47E8E338537}.tf|x64.ActiveCfg = Release|Any CPU
		{DE0DE230-1823-4B7B-B80B-D47E8E338537}.tf|x64.Build.0 = Release|Any CPU
	EndGlobalSection
	GlobalSection(SolutionProperties) = preSolution
		HideSolutionNode = FALSE
	EndGlobalSection
	GlobalSection(NestedProjects) = preSolution
		{A23049EB-3B6F-4310-B984-69106BC2A6E4} = {EDA7C1B2-CCAB-4D42-93C1-204EFD03C5B8}
		{CA37C760-1AD8-4A66-B9AD-AF23699B354C} = {5BF03107-2B4C-4DC8-B4AA-01D636014098}
		{66B96A56-3850-4C4B-B5B8-9C3A9BACD11B} = {A415ED87-CC7B-42C9-A79F-B9CDBB13D90A}
		{9DCFFDBC-1FF9-45DB-8014-703974F37CED} = {5BF03107-2B4C-4DC8-B4AA-01D636014098}
		{A6ED6118-BA9C-4EEA-B92D-0832A8CD1CDE} = {5BF03107-2B4C-4DC8-B4AA-01D636014098}
		{BB7186DF-A0A3-4394-B599-B687EB2363EE} = {5BF03107-2B4C-4DC8-B4AA-01D636014098}
		{A5A78ABE-730B-480B-9F2B-49B28C30C6F6} = {5BF03107-2B4C-4DC8-B4AA-01D636014098}
		{44F12DED-4B90-498D-8149-B0443F96BF5B} = {B3B17985-9C4B-4F5B-94AB-BBB177E80372}
		{585FDB9D-D3FB-4EBB-925E-1BEC316A367F} = {B3B17985-9C4B-4F5B-94AB-BBB177E80372}
		{C432FA93-D067-4993-9749-E083758E0196} = {5BF03107-2B4C-4DC8-B4AA-01D636014098}
		{8054857B-B472-4769-91E6-1D2187895E76} = {5BF03107-2B4C-4DC8-B4AA-01D636014098}
		{7D03D2AA-E984-4C6A-BCE0-643BE37FA0AE} = {5BF03107-2B4C-4DC8-B4AA-01D636014098}
		{77E749B2-8A58-4571-A92F-F7D93A095884} = {5BF03107-2B4C-4DC8-B4AA-01D636014098}
		{F06839E6-8CF2-4505-AAB1-E7B8FCC2FB49} = {5BF03107-2B4C-4DC8-B4AA-01D636014098}
		{0A525D2A-8AF9-40A5-9AAB-250B5C419716} = {5BF03107-2B4C-4DC8-B4AA-01D636014098}
		{3B3BB82E-241F-4FEA-BFE8-758CF5332407} = {5BF03107-2B4C-4DC8-B4AA-01D636014098}
		{A8335230-3934-45EF-8158-3235D57C3271} = {5BF03107-2B4C-4DC8-B4AA-01D636014098}
		{E1966C3C-1435-45D0-B99E-1C475640E2AF} = {5BF03107-2B4C-4DC8-B4AA-01D636014098}
		{002FCD77-EE5D-44DF-81B9-CA4D42B93E18} = {5BF03107-2B4C-4DC8-B4AA-01D636014098}
		{DE0DE230-1823-4B7B-B80B-D47E8E338537} = {5BF03107-2B4C-4DC8-B4AA-01D636014098}
	EndGlobalSection
	GlobalSection(ExtensibilityGlobals) = postSolution
		SolutionGuid = {357D4CF1-9961-45C6-AD85-A5FB73E7787D}
	EndGlobalSection
EndGlobal
